
Microsoft Visual Studio Solution File, Format Version 12.00
# Visual Studio Version 16
VisualStudioVersion = 16.0.30225.117
MinimumVisualStudioVersion = 10.0.40219.1
Project("{FAE04EC0-301F-11D3-BF4B-00C04F79EFBC}") = "Sistema de ventas", "Sistema de ventas.csproj", "{4188C7F7-2C2F-498D-8B0A-83FEEC32B413}"
EndProject
Global
	GlobalSection(SolutionConfigurationPlatforms) = preSolution
		Debug|Any CPU = Debug|Any CPU
		Release|Any CPU = Release|Any CPU
	EndGlobalSection
	GlobalSection(ProjectConfigurationPlatforms) = postSolution
		{4188C7F7-2C2F-498D-8B0A-83FEEC32B413}.Debug|Any CPU.ActiveCfg = Debug|Any CPU
		{4188C7F7-2C2F-498D-8B0A-83FEEC32B413}.Debug|Any CPU.Build.0 = Debug|Any CPU
		{4188C7F7-2C2F-498D-8B0A-83FEEC32B413}.Release|Any CPU.ActiveCfg = Release|Any CPU
		{4188C7F7-2C2F-498D-8B0A-83FEEC32B413}.Release|Any CPU.Build.0 = Release|Any CPU
	EndGlobalSection
	GlobalSection(SolutionProperties) = preSolution
		HideSolutionNode = FALSE
	EndGlobalSection
	GlobalSection(ExtensibilityGlobals) = postSolution
		SolutionGuid = {2C9FE3CB-93BC-4A35-8D35-73E7518B60D1}
	EndGlobalSection
EndGlobal
